// !$*UTF8*$!
{
	archiveVersion = 1;
	classes = {
	};
	objectVersion = 56;
	objects = {

/* Begin PBXBuildFile section */
		84F78B1D2A06D2440067C229 /* TaskListAppApp.swift in Sources */ = {isa = PBXBuildFile; fileRef = 84F78B1C2A06D2440067C229 /* TaskListAppApp.swift */; };
		84F78B1F2A06D2440067C229 /* ContentView.swift in Sources */ = {isa = PBXBuildFile; fileRef = 84F78B1E2A06D2440067C229 /* ContentView.swift */; };
		84F78B212A06D2450067C229 /* Assets.xcassets in Resources */ = {isa = PBXBuildFile; fileRef = 84F78B202A06D2450067C229 /* Assets.xcassets */; };
		84F78B242A06D2450067C229 /* Preview Assets.xcassets in Resources */ = {isa = PBXBuildFile; fileRef = 84F78B232A06D2450067C229 /* Preview Assets.xcassets */; };
		84F78B2C2A06D34F0067C229 /* Task.swift in Sources */ = {isa = PBXBuildFile; fileRef = 84F78B2B2A06D34F0067C229 /* Task.swift */; };
		84F78B2E2A06D4210067C229 /* TaskStore.swift in Sources */ = {isa = PBXBuildFile; fileRef = 84F78B2D2A06D4210067C229 /* TaskStore.swift */; };
		84F78B302A0793380067C229 /* NewTaskView.swift in Sources */ = {isa = PBXBuildFile; fileRef = 84F78B2F2A0793380067C229 /* NewTaskView.swift */; };
		84F78B352A07CEEA0067C229 /* RowView.swift in Sources */ = {isa = PBXBuildFile; fileRef = 84F78B342A07CEEA0067C229 /* RowView.swift */; };
		84F78B372A07D2DA0067C229 /* TaskEditingView.swift in Sources */ = {isa = PBXBuildFile; fileRef = 84F78B362A07D2DA0067C229 /* TaskEditingView.swift */; };
		84F78B3C2A07F0A30067C229 /* IndexedCollection.swift in Sources */ = {isa = PBXBuildFile; fileRef = 84F78B3B2A07F0A30067C229 /* IndexedCollection.swift */; };
		84F78B3E2A07F2020067C229 /* ForEach.swift in Sources */ = {isa = PBXBuildFile; fileRef = 84F78B3D2A07F2020067C229 /* ForEach.swift */; };
/* End PBXBuildFile section */

/* Begin PBXFileReference section */
		84F78B192A06D2440067C229 /* TaskListApp.app */ = {isa = PBXFileReference; explicitFileType = wrapper.application; includeInIndex = 0; path = TaskListApp.app; sourceTree = BUILT_PRODUCTS_DIR; };
		84F78B1C2A06D2440067C229 /* TaskListAppApp.swift */ = {isa = PBXFileReference; lastKnownFileType = sourcecode.swift; path = TaskListAppApp.swift; sourceTree = "<group>"; };
		84F78B1E2A06D2440067C229 /* ContentView.swift */ = {isa = PBXFileReference; lastKnownFileType = sourcecode.swift; path = ContentView.swift; sourceTree = "<group>"; };
		84F78B202A06D2450067C229 /* Assets.xcassets */ = {isa = PBXFileReference; lastKnownFileType = folder.assetcatalog; path = Assets.xcassets; sourceTree = "<group>"; };
		84F78B232A06D2450067C229 /* Preview Assets.xcassets */ = {isa = PBXFileReference; lastKnownFileType = folder.assetcatalog; path = "Preview Assets.xcassets"; sourceTree = "<group>"; };
		84F78B2B2A06D34F0067C229 /* Task.swift */ = {isa = PBXFileReference; lastKnownFileType = sourcecode.swift; path = Task.swift; sourceTree = "<group>"; };
		84F78B2D2A06D4210067C229 /* TaskStore.swift */ = {isa = PBXFileReference; lastKnownFileType = sourcecode.swift; path = TaskStore.swift; sourceTree = "<group>"; };
		84F78B2F2A0793380067C229 /* NewTaskView.swift */ = {isa = PBXFileReference; lastKnownFileType = sourcecode.swift; path = NewTaskView.swift; sourceTree = "<group>"; };
		84F78B342A07CEEA0067C229 /* RowView.swift */ = {isa = PBXFileReference; lastKnownFileType = sourcecode.swift; path = RowView.swift; sourceTree = "<group>"; };
		84F78B362A07D2DA0067C229 /* TaskEditingView.swift */ = {isa = PBXFileReference; lastKnownFileType = sourcecode.swift; path = TaskEditingView.swift; sourceTree = "<group>"; };
		84F78B3B2A07F0A30067C229 /* IndexedCollection.swift */ = {isa = PBXFileReference; lastKnownFileType = sourcecode.swift; path = IndexedCollection.swift; sourceTree = "<group>"; };
		84F78B3D2A07F2020067C229 /* ForEach.swift */ = {isa = PBXFileReference; lastKnownFileType = sourcecode.swift; path = ForEach.swift; sourceTree = "<group>"; };
/* End PBXFileReference section */

/* Begin PBXFrameworksBuildPhase section */
		84F78B162A06D2440067C229 /* Frameworks */ = {
			isa = PBXFrameworksBuildPhase;
			buildActionMask = 2147483647;
			files = (
			);
			runOnlyForDeploymentPostprocessing = 0;
		};
/* End PBXFrameworksBuildPhase section */

/* Begin PBXGroup section */
		84F78B102A06D2440067C229 = {
			isa = PBXGroup;
			children = (
				84F78B1B2A06D2440067C229 /* TaskListApp */,
				84F78B1A2A06D2440067C229 /* Products */,
			);
			sourceTree = "<group>";
		};
		84F78B1A2A06D2440067C229 /* Products */ = {
			isa = PBXGroup;
			children = (
				84F78B192A06D2440067C229 /* TaskListApp.app */,
			);
			name = Products;
			sourceTree = "<group>";
		};
		84F78B1B2A06D2440067C229 /* TaskListApp */ = {
			isa = PBXGroup;
			children = (
				84F78B382A07D6B10067C229 /* Extensions */,
				84F78B312A0793E70067C229 /* Views */,
				84F78B2A2A06D3310067C229 /* Models */,
				84F78B1C2A06D2440067C229 /* TaskListAppApp.swift */,
				84F78B202A06D2450067C229 /* Assets.xcassets */,
				84F78B222A06D2450067C229 /* Preview Content */,
			);
			path = TaskListApp;
			sourceTree = "<group>";
		};
		84F78B222A06D2450067C229 /* Preview Content */ = {
			isa = PBXGroup;
			children = (
				84F78B232A06D2450067C229 /* Preview Assets.xcassets */,
			);
			path = "Preview Content";
			sourceTree = "<group>";
		};
		84F78B2A2A06D3310067C229 /* Models */ = {
			isa = PBXGroup;
			children = (
				84F78B2B2A06D34F0067C229 /* Task.swift */,
				84F78B2D2A06D4210067C229 /* TaskStore.swift */,
			);
			path = Models;
			sourceTree = "<group>";
		};
		84F78B312A0793E70067C229 /* Views */ = {
			isa = PBXGroup;
			children = (
				84F78B1E2A06D2440067C229 /* ContentView.swift */,
				84F78B2F2A0793380067C229 /* NewTaskView.swift */,
				84F78B342A07CEEA0067C229 /* RowView.swift */,
				84F78B362A07D2DA0067C229 /* TaskEditingView.swift */,
			);
			path = Views;
			sourceTree = "<group>";
		};
		84F78B382A07D6B10067C229 /* Extensions */ = {
			isa = PBXGroup;
			children = (
				84F78B3B2A07F0A30067C229 /* IndexedCollection.swift */,
				84F78B3D2A07F2020067C229 /* ForEach.swift */,
			);
			path = Extensions;
			sourceTree = "<group>";
		};
/* End PBXGroup section */

/* Begin PBXNativeTarget section */
		84F78B182A06D2440067C229 /* TaskListApp */ = {
			isa = PBXNativeTarget;
			buildConfigurationList = 84F78B272A06D2450067C229 /* Build configuration list for PBXNativeTarget "TaskListApp" */;
			buildPhases = (
				84F78B152A06D2440067C229 /* Sources */,
				84F78B162A06D2440067C229 /* Frameworks */,
				84F78B172A06D2440067C229 /* Resources */,
			);
			buildRules = (
			);
			dependencies = (
			);
			name = TaskListApp;
			productName = TaskListApp;
			productReference = 84F78B192A06D2440067C229 /* TaskListApp.app */;
			productType = "com.apple.product-type.application";
		};
/* End PBXNativeTarget section */

/* Begin PBXProject section */
		84F78B112A06D2440067C229 /* Project object */ = {
			isa = PBXProject;
			attributes = {
				BuildIndependentTargetsInParallel = 1;
				LastSwiftUpdateCheck = 1430;
				LastUpgradeCheck = 1430;
				TargetAttributes = {
					84F78B182A06D2440067C229 = {
						CreatedOnToolsVersion = 14.3;
					};
				};
			};
			buildConfigurationList = 84F78B142A06D2440067C229 /* Build configuration list for PBXProject "TaskListApp" */;
			compatibilityVersion = "Xcode 14.0";
			developmentRegion = en;
			hasScannedForEncodings = 0;
			knownRegions = (
				en,
				Base,
			);
			mainGroup = 84F78B102A06D2440067C229;
			productRefGroup = 84F78B1A2A06D2440067C229 /* Products */;
			projectDirPath = "";
			projectRoot = "";
			targets = (
				84F78B182A06D2440067C229 /* TaskListApp */,
			);
		};
/* End PBXProject section */

/* Begin PBXResourcesBuildPhase section */
		84F78B172A06D2440067C229 /* Resources */ = {
			isa = PBXResourcesBuildPhase;
			buildActionMask = 2147483647;
			files = (
				84F78B242A06D2450067C229 /* Preview Assets.xcassets in Resources */,
				84F78B212A06D2450067C229 /* Assets.xcassets in Resources */,
			);
			runOnlyForDeploymentPostprocessing = 0;
		};
/* End PBXResourcesBuildPhase section */

/* Begin PBXSourcesBuildPhase section */
		84F78B152A06D2440067C229 /* Sources */ = {
			isa = PBXSourcesBuildPhase;
			buildActionMask = 2147483647;
			files = (
				84F78B1F2A06D2440067C229 /* ContentView.swift in Sources */,
				84F78B352A07CEEA0067C229 /* RowView.swift in Sources */,
				84F78B372A07D2DA0067C229 /* TaskEditingView.swift in Sources */,
				84F78B3E2A07F2020067C229 /* ForEach.swift in Sources */,
				84F78B302A0793380067C229 /* NewTaskView.swift in Sources */,
				84F78B2C2A06D34F0067C229 /* Task.swift in Sources */,
				84F78B2E2A06D4210067C229 /* TaskStore.swift in Sources */,
				84F78B1D2A06D2440067C229 /* TaskListAppApp.swift in Sources */,
				84F78B3C2A07F0A30067C229 /* IndexedCollection.swift in Sources */,
			);
			runOnlyForDeploymentPostprocessing = 0;
		};
/* End PBXSourcesBuildPhase section */

/* Begin XCBuildConfiguration section */
		84F78B252A06D2450067C229 /* Debug */ = {
			isa = XCBuildConfiguration;
			buildSettings = {
				ALWAYS_SEARCH_USER_PATHS = NO;
				CLANG_ANALYZER_NONNULL = YES;
				CLANG_ANALYZER_NUMBER_OBJECT_CONVERSION = YES_AGGRESSIVE;
				CLANG_CXX_LANGUAGE_STANDARD = "gnu++20";
				CLANG_ENABLE_MODULES = YES;
				CLANG_ENABLE_OBJC_ARC = YES;
				CLANG_ENABLE_OBJC_WEAK = YES;
				CLANG_WARN_BLOCK_CAPTURE_AUTORELEASING = YES;
				CLANG_WARN_BOOL_CONVERSION = YES;
				CLANG_WARN_COMMA = YES;
				CLANG_WARN_CONSTANT_CONVERSION = YES;
				CLANG_WARN_DEPRECATED_OBJC_IMPLEMENTATIONS = YES;
				CLANG_WARN_DIRECT_OBJC_ISA_USAGE = YES_ERROR;
				CLANG_WARN_DOCUMENTATION_COMMENTS = YES;
				CLANG_WARN_EMPTY_BODY = YES;
				CLANG_WARN_ENUM_CONVERSION = YES;
				CLANG_WARN_INFINITE_RECURSION = YES;
				CLANG_WARN_INT_CONVERSION = YES;
				CLANG_WARN_NON_LITERAL_NULL_CONVERSION = YES;
				CLANG_WARN_OBJC_IMPLICIT_RETAIN_SELF = YES;
				CLANG_WARN_OBJC_LITERAL_CONVERSION = YES;
				CLANG_WARN_OBJC_ROOT_CLASS = YES_ERROR;
				CLANG_WARN_QUOTED_INCLUDE_IN_FRAMEWORK_HEADER = YES;
				CLANG_WARN_RANGE_LOOP_ANALYSIS = YES;
				CLANG_WARN_STRICT_PROTOTYPES = YES;
				CLANG_WARN_SUSPICIOUS_MOVE = YES;
				CLANG_WARN_UNGUARDED_AVAILABILITY = YES_AGGRESSIVE;
				CLANG_WARN_UNREACHABLE_CODE = YES;
				CLANG_WARN__DUPLICATE_METHOD_MATCH = YES;
				COPY_PHASE_STRIP = NO;
				DEBUG_INFORMATION_FORMAT = dwarf;
				ENABLE_STRICT_OBJC_MSGSEND = YES;
				ENABLE_TESTABILITY = YES;
				GCC_C_LANGUAGE_STANDARD = gnu11;
				GCC_DYNAMIC_NO_PIC = NO;
				GCC_NO_COMMON_BLOCKS = YES;
				GCC_OPTIMIZATION_LEVEL = 0;
				GCC_PREPROCESSOR_DEFINITIONS = (
					"DEBUG=1",
					"$(inherited)",
				);
				GCC_WARN_64_TO_32_BIT_CONVERSION = YES;
				GCC_WARN_ABOUT_RETURN_TYPE = YES_ERROR;
				GCC_WARN_UNDECLARED_SELECTOR = YES;
				GCC_WARN_UNINITIALIZED_AUTOS = YES_AGGRESSIVE;
				GCC_WARN_UNUSED_FUNCTION = YES;
				GCC_WARN_UNUSED_VARIABLE = YES;
				IPHONEOS_DEPLOYMENT_TARGET = 16.4;
				MTL_ENABLE_DEBUG_INFO = INCLUDE_SOURCE;
				MTL_FAST_MATH = YES;
				ONLY_ACTIVE_ARCH = YES;
				SDKROOT = iphoneos;
				SWIFT_ACTIVE_COMPILATION_CONDITIONS = DEBUG;
				SWIFT_OPTIMIZATION_LEVEL = "-Onone";
			};
			name = Debug;
		};
		84F78B262A06D2450067C229 /* Release */ = {
			isa = XCBuildConfiguration;
			buildSettings = {
				ALWAYS_SEARCH_USER_PATHS = NO;
				CLANG_ANALYZER_NONNULL = YES;
				CLANG_ANALYZER_NUMBER_OBJECT_CONVERSION = YES_AGGRESSIVE;
				CLANG_CXX_LANGUAGE_STANDARD = "gnu++20";
				CLANG_ENABLE_MODULES = YES;
				CLANG_ENABLE_OBJC_ARC = YES;
				CLANG_ENABLE_OBJC_WEAK = YES;
				CLANG_WARN_BLOCK_CAPTURE_AUTORELEASING = YES;
				CLANG_WARN_BOOL_CONVERSION = YES;
				CLANG_WARN_COMMA = YES;
				CLANG_WARN_CONSTANT_CONVERSION = YES;
				CLANG_WARN_DEPRECATED_OBJC_IMPLEMENTATIONS = YES;
				CLANG_WARN_DIRECT_OBJC_ISA_USAGE = YES_ERROR;
				CLANG_WARN_DOCUMENTATION_COMMENTS = YES;
				CLANG_WARN_EMPTY_BODY = YES;
				CLANG_WARN_ENUM_CONVERSION = YES;
				CLANG_WARN_INFINITE_RECURSION = YES;
				CLANG_WARN_INT_CONVERSION = YES;
				CLANG_WARN_NON_LITERAL_NULL_CONVERSION = YES;
				CLANG_WARN_OBJC_IMPLICIT_RETAIN_SELF = YES;
				CLANG_WARN_OBJC_LITERAL_CONVERSION = YES;
				CLANG_WARN_OBJC_ROOT_CLASS = YES_ERROR;
				CLANG_WARN_QUOTED_INCLUDE_IN_FRAMEWORK_HEADER = YES;
				CLANG_WARN_RANGE_LOOP_ANALYSIS = YES;
				CLANG_WARN_STRICT_PROTOTYPES = YES;
				CLANG_WARN_SUSPICIOUS_MOVE = YES;
				CLANG_WARN_UNGUARDED_AVAILABILITY = YES_AGGRESSIVE;
				CLANG_WARN_UNREACHABLE_CODE = YES;
				CLANG_WARN__DUPLICATE_METHOD_MATCH = YES;
				COPY_PHASE_STRIP = NO;
				DEBUG_INFORMATION_FORMAT = "dwarf-with-dsym";
				ENABLE_NS_ASSERTIONS = NO;
				ENABLE_STRICT_OBJC_MSGSEND = YES;
				GCC_C_LANGUAGE_STANDARD = gnu11;
				GCC_NO_COMMON_BLOCKS = YES;
				GCC_WARN_64_TO_32_BIT_CONVERSION = YES;
				GCC_WARN_ABOUT_RETURN_TYPE = YES_ERROR;
				GCC_WARN_UNDECLARED_SELECTOR = YES;
				GCC_WARN_UNINITIALIZED_AUTOS = YES_AGGRESSIVE;
				GCC_WARN_UNUSED_FUNCTION = YES;
				GCC_WARN_UNUSED_VARIABLE = YES;
				IPHONEOS_DEPLOYMENT_TARGET = 16.4;
				MTL_ENABLE_DEBUG_INFO = NO;
				MTL_FAST_MATH = YES;
				SDKROOT = iphoneos;
				SWIFT_COMPILATION_MODE = wholemodule;
				SWIFT_OPTIMIZATION_LEVEL = "-O";
				VALIDATE_PRODUCT = YES;
			};
			name = Release;
		};
		84F78B282A06D2450067C229 /* Debug */ = {
			isa = XCBuildConfiguration;
			buildSettings = {
				ASSETCATALOG_COMPILER_APPICON_NAME = AppIcon;
				ASSETCATALOG_COMPILER_GLOBAL_ACCENT_COLOR_NAME = AccentColor;
				CODE_SIGN_STYLE = Automatic;
				CURRENT_PROJECT_VERSION = 1;
				DEVELOPMENT_ASSET_PATHS = "\"TaskListApp/Preview Content\"";
				ENABLE_PREVIEWS = YES;
				GENERATE_INFOPLIST_FILE = YES;
				INFOPLIST_KEY_UIApplicationSceneManifest_Generation = YES;
				INFOPLIST_KEY_UIApplicationSupportsIndirectInputEvents = YES;
				INFOPLIST_KEY_UILaunchScreen_Generation = YES;
				INFOPLIST_KEY_UISupportedInterfaceOrientations_iPad = "UIInterfaceOrientationPortrait UIInterfaceOrientationPortraitUpsideDown UIInterfaceOrientationLandscapeLeft UIInterfaceOrientationLandscapeRight";
				INFOPLIST_KEY_UISupportedInterfaceOrientations_iPhone = "UIInterfaceOrientationPortrait UIInterfaceOrientationLandscapeLeft UIInterfaceOrientationLandscapeRight";
				LD_RUNPATH_SEARCH_PATHS = (
					"$(inherited)",
					"@executable_path/Frameworks",
				);
				MARKETING_VERSION = 1.0;
				PRODUCT_BUNDLE_IDENTIFIER = com.ArinLi.TaskListApp;
				PRODUCT_NAME = "$(TARGET_NAME)";
				SWIFT_EMIT_LOC_STRINGS = YES;
				SWIFT_VERSION = 5.0;
				TARGETED_DEVICE_FAMILY = "1,2";
			};
			name = Debug;
		};
		84F78B292A06D2450067C229 /* Release */ = {
			isa = XCBuildConfiguration;
			buildSettings = {
				ASSETCATALOG_COMPILER_APPICON_NAME = AppIcon;
				ASSETCATALOG_COMPILER_GLOBAL_ACCENT_COLOR_NAME = AccentColor;
				CODE_SIGN_STYLE = Automatic;
				CURRENT_PROJECT_VERSION = 1;
				DEVELOPMENT_ASSET_PATHS = "\"TaskListApp/Preview Content\"";
				ENABLE_PREVIEWS = YES;
				GENERATE_INFOPLIST_FILE = YES;
				INFOPLIST_KEY_UIApplicationSceneManifest_Generation = YES;
				INFOPLIST_KEY_UIApplicationSupportsIndirectInputEvents = YES;
				INFOPLIST_KEY_UILaunchScreen_Generation = YES;
				INFOPLIST_KEY_UISupportedInterfaceOrientations_iPad = "UIInterfaceOrientationPortrait UIInterfaceOrientationPortraitUpsideDown UIInterfaceOrientationLandscapeLeft UIInterfaceOrientationLandscapeRight";
				INFOPLIST_KEY_UISupportedInterfaceOrientations_iPhone = "UIInterfaceOrientationPortrait UIInterfaceOrientationLandscapeLeft UIInterfaceOrientationLandscapeRight";
				LD_RUNPATH_SEARCH_PATHS = (
					"$(inherited)",
					"@executable_path/Frameworks",
				);
				MARKETING_VERSION = 1.0;
				PRODUCT_BUNDLE_IDENTIFIER = com.ArinLi.TaskListApp;
				PRODUCT_NAME = "$(TARGET_NAME)";
				SWIFT_EMIT_LOC_STRINGS = YES;
				SWIFT_VERSION = 5.0;
				TARGETED_DEVICE_FAMILY = "1,2";
			};
			name = Release;
		};
/* End XCBuildConfiguration section */

/* Begin XCConfigurationList section */
		84F78B142A06D2440067C229 /* Build configuration list for PBXProject "TaskListApp" */ = {
			isa = XCConfigurationList;
			buildConfigurations = (
				84F78B252A06D2450067C229 /* Debug */,
				84F78B262A06D2450067C229 /* Release */,
			);
			defaultConfigurationIsVisible = 0;
			defaultConfigurationName = Release;
		};
		84F78B272A06D2450067C229 /* Build configuration list for PBXNativeTarget "TaskListApp" */ = {
			isa = XCConfigurationList;
			buildConfigurations = (
				84F78B282A06D2450067C229 /* Debug */,
				84F78B292A06D2450067C229 /* Release */,
			);
			defaultConfigurationIsVisible = 0;
			defaultConfigurationName = Release;
		};
/* End XCConfigurationList section */
	};
	rootObject = 84F78B112A06D2440067C229 /* Project object */;
}
